
Microsoft Visual Studio Solution File, Format Version 12.00
# Visual Studio Version 17
VisualStudioVersion = 17.0.31903.59
MinimumVisualStudioVersion = 10.0.40219.1
Project("{9A19103F-16F7-4668-BE54-9A1E7A4F7556}") = "OMG.Domain", "src\OMG.Domain\OMG.Domain.csproj", "{CF059910-2DB8-4BA9-8AE5-A1387FBD07AA}"
EndProject
Project("{2150E333-8FDC-42A3-9474-1A3956D46DE8}") = "Domain", "Domain", "{9F7B1477-C012-4243-831D-B68BEE919826}"
EndProject
Project("{2150E333-8FDC-42A3-9474-1A3956D46DE8}") = "Sln Files", "Sln Files", "{4828BF35-A57A-4817-9829-2069C4793CC7}"
	ProjectSection(SolutionItems) = preProject
		.gitignore = .gitignore
		README.md = README.md
	EndProjectSection
EndProject
Project("{2150E333-8FDC-42A3-9474-1A3956D46DE8}") = "App", "App", "{081CEBFC-5BFF-498C-ADDD-6511FD72C128}"
EndProject
Project("{9A19103F-16F7-4668-BE54-9A1E7A4F7556}") = "OMG.Api", "src\OMG.Api\OMG.Api.csproj", "{C95F68EC-927D-4401-8787-58188CF34450}"
EndProject
Project("{2150E333-8FDC-42A3-9474-1A3956D46DE8}") = "DataAccess", "DataAccess", "{51A6889A-D062-450A-8446-75CCEE49AAF0}"
EndProject
Project("{9A19103F-16F7-4668-BE54-9A1E7A4F7556}") = "OMG.Repository", "src\OMG.Repository\OMG.Repository.csproj", "{9C965896-601F-4353-AA02-37A03715908B}"
EndProject
Project("{9A19103F-16F7-4668-BE54-9A1E7A4F7556}") = "OMG.WebApp", "src\OMG.WebApp\OMG.WebApp.csproj", "{248B93C6-B1DE-4E7D-A5A1-03E5563E08C8}"
EndProject
Global
	GlobalSection(SolutionConfigurationPlatforms) = preSolution
		Debug|Any CPU = Debug|Any CPU
		Release|Any CPU = Release|Any CPU
	EndGlobalSection
	GlobalSection(ProjectConfigurationPlatforms) = postSolution
		{CF059910-2DB8-4BA9-8AE5-A1387FBD07AA}.Debug|Any CPU.ActiveCfg = Debug|Any CPU
		{CF059910-2DB8-4BA9-8AE5-A1387FBD07AA}.Debug|Any CPU.Build.0 = Debug|Any CPU
		{CF059910-2DB8-4BA9-8AE5-A1387FBD07AA}.Release|Any CPU.ActiveCfg = Release|Any CPU
		{CF059910-2DB8-4BA9-8AE5-A1387FBD07AA}.Release|Any CPU.Build.0 = Release|Any CPU
		{C95F68EC-927D-4401-8787-58188CF34450}.Debug|Any CPU.ActiveCfg = Debug|Any CPU
		{C95F68EC-927D-4401-8787-58188CF34450}.Debug|Any CPU.Build.0 = Debug|Any CPU
		{C95F68EC-927D-4401-8787-58188CF34450}.Release|Any CPU.ActiveCfg = Release|Any CPU
		{C95F68EC-927D-4401-8787-58188CF34450}.Release|Any CPU.Build.0 = Release|Any CPU
		{9C965896-601F-4353-AA02-37A03715908B}.Debug|Any CPU.ActiveCfg = Debug|Any CPU
		{9C965896-601F-4353-AA02-37A03715908B}.Debug|Any CPU.Build.0 = Debug|Any CPU
		{9C965896-601F-4353-AA02-37A03715908B}.Release|Any CPU.ActiveCfg = Release|Any CPU
		{9C965896-601F-4353-AA02-37A03715908B}.Release|Any CPU.Build.0 = Release|Any CPU
		{248B93C6-B1DE-4E7D-A5A1-03E5563E08C8}.Debug|Any CPU.ActiveCfg = Debug|Any CPU
		{248B93C6-B1DE-4E7D-A5A1-03E5563E08C8}.Debug|Any CPU.Build.0 = Debug|Any CPU
		{248B93C6-B1DE-4E7D-A5A1-03E5563E08C8}.Release|Any CPU.ActiveCfg = Release|Any CPU
		{248B93C6-B1DE-4E7D-A5A1-03E5563E08C8}.Release|Any CPU.Build.0 = Release|Any CPU
	EndGlobalSection
	GlobalSection(SolutionProperties) = preSolution
		HideSolutionNode = FALSE
	EndGlobalSection
	GlobalSection(NestedProjects) = preSolution
		{CF059910-2DB8-4BA9-8AE5-A1387FBD07AA} = {9F7B1477-C012-4243-831D-B68BEE919826}
		{C95F68EC-927D-4401-8787-58188CF34450} = {081CEBFC-5BFF-498C-ADDD-6511FD72C128}
		{9C965896-601F-4353-AA02-37A03715908B} = {51A6889A-D062-450A-8446-75CCEE49AAF0}
		{248B93C6-B1DE-4E7D-A5A1-03E5563E08C8} = {081CEBFC-5BFF-498C-ADDD-6511FD72C128}
	EndGlobalSection
	GlobalSection(ExtensibilityGlobals) = postSolution
		SolutionGuid = {03632AD3-6FE2-4F62-9739-192A6E4E3195}
	EndGlobalSection
EndGlobal
